PODS:
  - FHXCarSliderView (0.1.0):
    - FHXColorAndFont
    - FHXKit
    - Kingfisher
    - SnapKit
  - FHXColorAndFont (0.1.0):
    - FHXKit
  - FHXFoundation (0.1.6)
  - FHXKit (0.1.3):
    - FHXFoundation
  - Kingfisher (4.8.1)
  - SnapKit (4.0.0)

DEPENDENCIES:
  - FHXCarSliderView (from `../`)

EXTERNAL SOURCES:
  FHXCarSliderView:
    :path: ../

SPEC CHECKSUMS:
  FHXCarSliderView: 931d8e92a12dd04d03b6716bcfcbc6c9d730e962
  FHXColorAndFont: 7fe0141b9d8a81e3a2a5e8f475596d436881f2b6
  FHXFoundation: 2e258421df559b4b1cdef4e6f0abf4fb92102ffa
  FHXKit: 74692b3434b72aa2bc1433a6b616011c2ffe4446
  Kingfisher: 868c1149679a7ab6869be118faa9b5aed154aaf0
  SnapKit: a42d492c16e80209130a3379f73596c3454b7694

PODFILE CHECKSUM: 3f59302ca5e8683a57f1491db85c55ad2fc8205a

COCOAPODS: 1.4.0
